
Microsoft Visual Studio Solution File, Format Version 12.00
# Visual Studio Version 17
VisualStudioVersion = 17.2.32516.85
MinimumVisualStudioVersion = 10.0.40219.1
Project("{9A19103F-16F7-4668-BE54-9A1E7A4F7556}") = "EFO.DeliveryAcceptance.Domain", "EFO.DeliveryAcceptance.Domain\EFO.DeliveryAcceptance.Domain.csproj", "{48B4F5EA-AE8F-4393-B2C3-CBF28628C660}"
EndProject
Project("{9A19103F-16F7-4668-BE54-9A1E7A4F7556}") = "EFO.DeliveryAcceptance.Tests", "EFO.DeliveryAcceptance.Tests\EFO.DeliveryAcceptance.Tests.csproj", "{3687A607-DEEB-4BFB-926C-9729235D0E9F}"
EndProject
Project("{9A19103F-16F7-4668-BE54-9A1E7A4F7556}") = "EFO.DeliveryAcceptance.Application", "EFO.DeliveryAcceptance.Application\EFO.DeliveryAcceptance.Application.csproj", "{D5116B9E-4A3F-4005-B04C-04AD550BC01E}"
EndProject
Project("{9A19103F-16F7-4668-BE54-9A1E7A4F7556}") = "EFO.DeliveryAcceptance.ConsoleHost", "EFO.DeliveryAcceptance.ConsoleHost\EFO.DeliveryAcceptance.ConsoleHost.csproj", "{091230E2-BA1D-48EC-B7FF-E9CB9CCDC7E8}"
EndProject
Project("{2150E333-8FDC-42A3-9474-1A3956D46DE8}") = "Solution Items", "Solution Items", "{85A1385D-E80A-491A-AC9C-C9F6BA89E478}"
	ProjectSection(SolutionItems) = preProject
		Directory.Build.props = Directory.Build.props
		.github\workflows\build-n-test.yml = .github\workflows\build-n-test.yml
	EndProjectSection
EndProject
Project("{9A19103F-16F7-4668-BE54-9A1E7A4F7556}") = "EFO.Sales.Domain", "EFO.Sales.Domain\EFO.Sales.Domain.csproj", "{D2426A16-8995-42DB-A793-91A5C803451A}"
EndProject
Project("{9A19103F-16F7-4668-BE54-9A1E7A4F7556}") = "EFO.Sales.Tests", "EFO.Sales.Tests\EFO.Sales.Tests.csproj", "{1A3029EA-5145-4077-94AA-9C4A687EB91E}"
EndProject
Project("{9A19103F-16F7-4668-BE54-9A1E7A4F7556}") = "EFO.Sales.Application", "EFO.Sales.Application\EFO.Sales.Application.csproj", "{E2D9CE72-CEC6-4114-A79D-F1F235831A09}"
EndProject
Global
	GlobalSection(SolutionConfigurationPlatforms) = preSolution
		Debug|Any CPU = Debug|Any CPU
		Release|Any CPU = Release|Any CPU
	EndGlobalSection
	GlobalSection(ProjectConfigurationPlatforms) = postSolution
		{48B4F5EA-AE8F-4393-B2C3-CBF28628C660}.Debug|Any CPU.ActiveCfg = Debug|Any CPU
		{48B4F5EA-AE8F-4393-B2C3-CBF28628C660}.Debug|Any CPU.Build.0 = Debug|Any CPU
		{48B4F5EA-AE8F-4393-B2C3-CBF28628C660}.Release|Any CPU.ActiveCfg = Release|Any CPU
		{48B4F5EA-AE8F-4393-B2C3-CBF28628C660}.Release|Any CPU.Build.0 = Release|Any CPU
		{3687A607-DEEB-4BFB-926C-9729235D0E9F}.Debug|Any CPU.ActiveCfg = Debug|Any CPU
		{3687A607-DEEB-4BFB-926C-9729235D0E9F}.Debug|Any CPU.Build.0 = Debug|Any CPU
		{3687A607-DEEB-4BFB-926C-9729235D0E9F}.Release|Any CPU.ActiveCfg = Release|Any CPU
		{3687A607-DEEB-4BFB-926C-9729235D0E9F}.Release|Any CPU.Build.0 = Release|Any CPU
		{D5116B9E-4A3F-4005-B04C-04AD550BC01E}.Debug|Any CPU.ActiveCfg = Debug|Any CPU
		{D5116B9E-4A3F-4005-B04C-04AD550BC01E}.Debug|Any CPU.Build.0 = Debug|Any CPU
		{D5116B9E-4A3F-4005-B04C-04AD550BC01E}.Release|Any CPU.ActiveCfg = Release|Any CPU
		{D5116B9E-4A3F-4005-B04C-04AD550BC01E}.Release|Any CPU.Build.0 = Release|Any CPU
		{091230E2-BA1D-48EC-B7FF-E9CB9CCDC7E8}.Debug|Any CPU.ActiveCfg = Debug|Any CPU
		{091230E2-BA1D-48EC-B7FF-E9CB9CCDC7E8}.Debug|Any CPU.Build.0 = Debug|Any CPU
		{091230E2-BA1D-48EC-B7FF-E9CB9CCDC7E8}.Release|Any CPU.ActiveCfg = Release|Any CPU
		{091230E2-BA1D-48EC-B7FF-E9CB9CCDC7E8}.Release|Any CPU.Build.0 = Release|Any CPU
		{D2426A16-8995-42DB-A793-91A5C803451A}.Debug|Any CPU.ActiveCfg = Debug|Any CPU
		{D2426A16-8995-42DB-A793-91A5C803451A}.Debug|Any CPU.Build.0 = Debug|Any CPU
		{D2426A16-8995-42DB-A793-91A5C803451A}.Release|Any CPU.ActiveCfg = Release|Any CPU
		{D2426A16-8995-42DB-A793-91A5C803451A}.Release|Any CPU.Build.0 = Release|Any CPU
		{1A3029EA-5145-4077-94AA-9C4A687EB91E}.Debug|Any CPU.ActiveCfg = Debug|Any CPU
		{1A3029EA-5145-4077-94AA-9C4A687EB91E}.Debug|Any CPU.Build.0 = Debug|Any CPU
		{1A3029EA-5145-4077-94AA-9C4A687EB91E}.Release|Any CPU.ActiveCfg = Release|Any CPU
		{1A3029EA-5145-4077-94AA-9C4A687EB91E}.Release|Any CPU.Build.0 = Release|Any CPU
		{E2D9CE72-CEC6-4114-A79D-F1F235831A09}.Debug|Any CPU.ActiveCfg = Debug|Any CPU
		{E2D9CE72-CEC6-4114-A79D-F1F235831A09}.Debug|Any CPU.Build.0 = Debug|Any CPU
		{E2D9CE72-CEC6-4114-A79D-F1F235831A09}.Release|Any CPU.ActiveCfg = Release|Any CPU
		{E2D9CE72-CEC6-4114-A79D-F1F235831A09}.Release|Any CPU.Build.0 = Release|Any CPU
	EndGlobalSection
	GlobalSection(SolutionProperties) = preSolution
		HideSolutionNode = FALSE
	EndGlobalSection
	GlobalSection(ExtensibilityGlobals) = postSolution
		SolutionGuid = {6E4FBD2B-24C5-49B2-8341-F1C6ACD68B80}
	EndGlobalSection
EndGlobal
