
Microsoft Visual Studio Solution File, Format Version 12.00
# Visual Studio Version 17
VisualStudioVersion = 17.2.32516.85
MinimumVisualStudioVersion = 10.0.40219.1
Project("{9A19103F-16F7-4668-BE54-9A1E7A4F7556}") = "EFO.WebUi", "EFO.WebUi\EFO.WebUi.csproj", "{EEB50938-3609-476C-939E-38102DE86BCC}"
EndProject
Global
	GlobalSection(SolutionConfigurationPlatforms) = preSolution
		Debug|Any CPU = Debug|Any CPU
		Release|Any CPU = Release|Any CPU
	EndGlobalSection
	GlobalSection(ProjectConfigurationPlatforms) = postSolution
		{EEB50938-3609-476C-939E-38102DE86BCC}.Debug|Any CPU.ActiveCfg = Debug|Any CPU
		{EEB50938-3609-476C-939E-38102DE86BCC}.Debug|Any CPU.Build.0 = Debug|Any CPU
		{EEB50938-3609-476C-939E-38102DE86BCC}.Release|Any CPU.ActiveCfg = Release|Any CPU
		{EEB50938-3609-476C-939E-38102DE86BCC}.Release|Any CPU.Build.0 = Release|Any CPU
	EndGlobalSection
	GlobalSection(SolutionProperties) = preSolution
		HideSolutionNode = FALSE
	EndGlobalSection
	GlobalSection(ExtensibilityGlobals) = postSolution
		SolutionGuid = {6E4FBD2B-24C5-49B2-8341-F1C6ACD68B80}
	EndGlobalSection
EndGlobal
